
Microsoft Visual Studio Solution File, Format Version 12.00
# Visual Studio Version 16
VisualStudioVersion = 16.0.31205.134
MinimumVisualStudioVersion = 10.0.40219.1
Project("{FAE04EC0-301F-11D3-BF4B-00C04F79EFBC}") = "The SharePoint Machine", "The SharePoint Machine.csproj", "{DCD87133-464D-4944-93B2-A73BC4994A46}"
EndProject
Project("{FAE04EC0-301F-11D3-BF4B-00C04F79EFBC}") = "Testes", "..\Testes\Testes.csproj", "{07EAF47C-3A84-4F7B-8546-E1E27AE9858D}"
EndProject
Global
	GlobalSection(SolutionConfigurationPlatforms) = preSolution
		Debug|Any CPU = Debug|Any CPU
		Release|Any CPU = Release|Any CPU
	EndGlobalSection
	GlobalSection(ProjectConfigurationPlatforms) = postSolution
		{DCD87133-464D-4944-93B2-A73BC4994A46}.Debug|Any CPU.ActiveCfg = Debug|Any CPU
		{DCD87133-464D-4944-93B2-A73BC4994A46}.Debug|Any CPU.Build.0 = Debug|Any CPU
		{DCD87133-464D-4944-93B2-A73BC4994A46}.Release|Any CPU.ActiveCfg = Release|Any CPU
		{DCD87133-464D-4944-93B2-A73BC4994A46}.Release|Any CPU.Build.0 = Release|Any CPU
		{07EAF47C-3A84-4F7B-8546-E1E27AE9858D}.Debug|Any CPU.ActiveCfg = Debug|Any CPU
		{07EAF47C-3A84-4F7B-8546-E1E27AE9858D}.Debug|Any CPU.Build.0 = Debug|Any CPU
		{07EAF47C-3A84-4F7B-8546-E1E27AE9858D}.Release|Any CPU.ActiveCfg = Release|Any CPU
		{07EAF47C-3A84-4F7B-8546-E1E27AE9858D}.Release|Any CPU.Build.0 = Release|Any CPU
	EndGlobalSection
	GlobalSection(SolutionProperties) = preSolution
		HideSolutionNode = FALSE
	EndGlobalSection
	GlobalSection(ExtensibilityGlobals) = postSolution
		SolutionGuid = {269BEB6A-A768-4CA9-B2CF-0770C4F6EE68}
	EndGlobalSection
EndGlobal
